
Microsoft Visual Studio Solution File, Format Version 12.00
# Visual Studio Version 16
VisualStudioVersion = 16.0.29613.14
MinimumVisualStudioVersion = 10.0.40219.1
Project("{8BC9CEB8-8B4A-11D0-8D11-00A0C91BC942}") = "ProcessManager", "ProcessManager\ProcessManager.vcxproj", "{5B0B5F91-93D9-4153-A550-63A6EC372E1E}"
EndProject
Project("{8BC9CEB8-8B4A-11D0-8D11-00A0C91BC942}") = "TestProcess", "TestProcess\TestProcess.vcxproj", "{22A9589F-0396-42CC-AE1F-AC1F3F4A2EEC}"
EndProject
Project("{9A19103F-16F7-4668-BE54-9A1E7A4F7556}") = "ProcessManager.UI", "ProcessManager.UI\ProcessManager.UI.csproj", "{66D97BA9-3F55-46B4-AF18-6BBD51365FE1}"
EndProject
Project("{8BC9CEB8-8B4A-11D0-8D11-00A0C91BC942}") = "ProcessManager.Core", "ProcessManager.Core\ProcessManager.Core.vcxproj", "{5D0458AF-5275-4318-85F5-81137AAF0A64}"
EndProject
Project("{9A19103F-16F7-4668-BE54-9A1E7A4F7556}") = "BuildResourceExtensionsFile", "BuildResourceExtensionsFile\BuildResourceExtensionsFile.csproj", "{2D3F3E8C-A3A2-48FF-9D77-2AA3ABCED082}"
EndProject
Global
	GlobalSection(SolutionConfigurationPlatforms) = preSolution
		Debug|Any CPU = Debug|Any CPU
		Debug|x64 = Debug|x64
		Debug|x86 = Debug|x86
		Release|Any CPU = Release|Any CPU
		Release|x64 = Release|x64
		Release|x86 = Release|x86
	EndGlobalSection
	GlobalSection(ProjectConfigurationPlatforms) = postSolution
		{5B0B5F91-93D9-4153-A550-63A6EC372E1E}.Debug|Any CPU.ActiveCfg = Debug|Win32
		{5B0B5F91-93D9-4153-A550-63A6EC372E1E}.Debug|x64.ActiveCfg = Debug|x64
		{5B0B5F91-93D9-4153-A550-63A6EC372E1E}.Debug|x64.Build.0 = Debug|x64
		{5B0B5F91-93D9-4153-A550-63A6EC372E1E}.Debug|x86.ActiveCfg = Debug|Win32
		{5B0B5F91-93D9-4153-A550-63A6EC372E1E}.Debug|x86.Build.0 = Debug|Win32
		{5B0B5F91-93D9-4153-A550-63A6EC372E1E}.Release|Any CPU.ActiveCfg = Release|Win32
		{5B0B5F91-93D9-4153-A550-63A6EC372E1E}.Release|x64.ActiveCfg = Release|x64
		{5B0B5F91-93D9-4153-A550-63A6EC372E1E}.Release|x64.Build.0 = Release|x64
		{5B0B5F91-93D9-4153-A550-63A6EC372E1E}.Release|x86.ActiveCfg = Release|Win32
		{5B0B5F91-93D9-4153-A550-63A6EC372E1E}.Release|x86.Build.0 = Release|Win32
		{22A9589F-0396-42CC-AE1F-AC1F3F4A2EEC}.Debug|Any CPU.ActiveCfg = Debug|Win32
		{22A9589F-0396-42CC-AE1F-AC1F3F4A2EEC}.Debug|x64.ActiveCfg = Debug|x64
		{22A9589F-0396-42CC-AE1F-AC1F3F4A2EEC}.Debug|x64.Build.0 = Debug|x64
		{22A9589F-0396-42CC-AE1F-AC1F3F4A2EEC}.Debug|x86.ActiveCfg = Debug|Win32
		{22A9589F-0396-42CC-AE1F-AC1F3F4A2EEC}.Debug|x86.Build.0 = Debug|Win32
		{22A9589F-0396-42CC-AE1F-AC1F3F4A2EEC}.Release|Any CPU.ActiveCfg = Release|Win32
		{22A9589F-0396-42CC-AE1F-AC1F3F4A2EEC}.Release|x64.ActiveCfg = Release|x64
		{22A9589F-0396-42CC-AE1F-AC1F3F4A2EEC}.Release|x64.Build.0 = Release|x64
		{22A9589F-0396-42CC-AE1F-AC1F3F4A2EEC}.Release|x86.ActiveCfg = Release|Win32
		{22A9589F-0396-42CC-AE1F-AC1F3F4A2EEC}.Release|x86.Build.0 = Release|Win32
		{66D97BA9-3F55-46B4-AF18-6BBD51365FE1}.Debug|Any CPU.ActiveCfg = Debug|Any CPU
		{66D97BA9-3F55-46B4-AF18-6BBD51365FE1}.Debug|Any CPU.Build.0 = Debug|Any CPU
		{66D97BA9-3F55-46B4-AF18-6BBD51365FE1}.Debug|x64.ActiveCfg = Debug|Any CPU
		{66D97BA9-3F55-46B4-AF18-6BBD51365FE1}.Debug|x64.Build.0 = Debug|Any CPU
		{66D97BA9-3F55-46B4-AF18-6BBD51365FE1}.Debug|x86.ActiveCfg = Debug|Any CPU
		{66D97BA9-3F55-46B4-AF18-6BBD51365FE1}.Debug|x86.Build.0 = Debug|Any CPU
		{66D97BA9-3F55-46B4-AF18-6BBD51365FE1}.Release|Any CPU.ActiveCfg = Release|Any CPU
		{66D97BA9-3F55-46B4-AF18-6BBD51365FE1}.Release|Any CPU.Build.0 = Release|Any CPU
		{66D97BA9-3F55-46B4-AF18-6BBD51365FE1}.Release|x64.ActiveCfg = Release|Any CPU
		{66D97BA9-3F55-46B4-AF18-6BBD51365FE1}.Release|x64.Build.0 = Release|Any CPU
		{66D97BA9-3F55-46B4-AF18-6BBD51365FE1}.Release|x86.ActiveCfg = Release|Any CPU
		{66D97BA9-3F55-46B4-AF18-6BBD51365FE1}.Release|x86.Build.0 = Release|Any CPU
		{5D0458AF-5275-4318-85F5-81137AAF0A64}.Debug|Any CPU.ActiveCfg = Debug|Win32
		{5D0458AF-5275-4318-85F5-81137AAF0A64}.Debug|x64.ActiveCfg = Debug|x64
		{5D0458AF-5275-4318-85F5-81137AAF0A64}.Debug|x64.Build.0 = Debug|x64
		{5D0458AF-5275-4318-85F5-81137AAF0A64}.Debug|x86.ActiveCfg = Debug|Win32
		{5D0458AF-5275-4318-85F5-81137AAF0A64}.Debug|x86.Build.0 = Debug|Win32
		{5D0458AF-5275-4318-85F5-81137AAF0A64}.Release|Any CPU.ActiveCfg = Release|Win32
		{5D0458AF-5275-4318-85F5-81137AAF0A64}.Release|x64.ActiveCfg = Release|x64
		{5D0458AF-5275-4318-85F5-81137AAF0A64}.Release|x64.Build.0 = Release|x64
		{5D0458AF-5275-4318-85F5-81137AAF0A64}.Release|x86.ActiveCfg = Release|Win32
		{5D0458AF-5275-4318-85F5-81137AAF0A64}.Release|x86.Build.0 = Release|Win32
		{2D3F3E8C-A3A2-48FF-9D77-2AA3ABCED082}.Debug|Any CPU.ActiveCfg = Debug|Any CPU
		{2D3F3E8C-A3A2-48FF-9D77-2AA3ABCED082}.Debug|Any CPU.Build.0 = Debug|Any CPU
		{2D3F3E8C-A3A2-48FF-9D77-2AA3ABCED082}.Debug|x64.ActiveCfg = Debug|Any CPU
		{2D3F3E8C-A3A2-48FF-9D77-2AA3ABCED082}.Debug|x64.Build.0 = Debug|Any CPU
		{2D3F3E8C-A3A2-48FF-9D77-2AA3ABCED082}.Debug|x86.ActiveCfg = Debug|Any CPU
		{2D3F3E8C-A3A2-48FF-9D77-2AA3ABCED082}.Debug|x86.Build.0 = Debug|Any CPU
		{2D3F3E8C-A3A2-48FF-9D77-2AA3ABCED082}.Release|Any CPU.ActiveCfg = Release|Any CPU
		{2D3F3E8C-A3A2-48FF-9D77-2AA3ABCED082}.Release|Any CPU.Build.0 = Release|Any CPU
		{2D3F3E8C-A3A2-48FF-9D77-2AA3ABCED082}.Release|x64.ActiveCfg = Release|Any CPU
		{2D3F3E8C-A3A2-48FF-9D77-2AA3ABCED082}.Release|x64.Build.0 = Release|Any CPU
		{2D3F3E8C-A3A2-48FF-9D77-2AA3ABCED082}.Release|x86.ActiveCfg = Release|Any CPU
		{2D3F3E8C-A3A2-48FF-9D77-2AA3ABCED082}.Release|x86.Build.0 = Release|Any CPU
	EndGlobalSection
	GlobalSection(SolutionProperties) = preSolution
		HideSolutionNode = FALSE
	EndGlobalSection
	GlobalSection(ExtensibilityGlobals) = postSolution
		SolutionGuid = {13C00A71-C111-4D2E-903D-46F9B4DF10F0}
	EndGlobalSection
EndGlobal
