<?xml version="1.0" encoding="utf-8"?>
<Project ToolsVersion="4.0" xmlns="http://schemas.microsoft.com/developer/msbuild/2003">
  <ItemGroup>
    <ClCompile Include="ProcessManagerDllCalls.h">
      <Filter>ProcessManager</Filter>
    </ClCompile>
    <ClCompile Include="SystemTrayIconDllCalls.h">
      <Filter>SystemTrayIcon</Filter>
    </ClCompile>
  </ItemGroup>
  <ItemGroup>
    <ClInclude Include="SystemTrayIconData.h">
      <Filter>SystemTrayIcon</Filter>
    </ClInclude>
    <ClInclude Include="TrayIconMenuHelpers.h">
      <Filter>SystemTrayIcon</Filter>
    </ClInclude>
    <ClInclude Include="ProcessManager.h">
      <Filter>ProcessManager</Filter>
    </ClInclude>
    <ClInclude Include="ProcessModel.h">
      <Filter>ProcessManager</Filter>
    </ClInclude>
    <ClInclude Include="WindowsHelpers.h">
      <Filter>WindowsHelpers</Filter>
    </ClInclude>
  </ItemGroup>
  <ItemGroup>
    <Filter Include="SystemTrayIcon">
      <UniqueIdentifier>{f9010d80-c5a5-4f64-9a4d-345116f3d985}</UniqueIdentifier>
    </Filter>
    <Filter Include="WindowsHelpers">
      <UniqueIdentifier>{dde3a1cf-64ae-4481-a4ca-e2821738e06d}</UniqueIdentifier>
    </Filter>
    <Filter Include="ProcessManager">
      <UniqueIdentifier>{7e8e7a43-d2b3-4bd0-9218-8e795d7c56d5}</UniqueIdentifier>
    </Filter>
  </ItemGroup>
</Project>